# THIS IS AN AUTOGENERATED FILE. DO NOT EDIT THIS FILE DIRECTLY.
# yarn lockfile v1


core-js@^3.8.1:
  version "3.9.0"
  resolved "https://registry.yarnpkg.com/core-js/-/core-js-3.9.0.tgz#790b1bb11553a2272b36e2625c7179db345492f8"
  integrity sha512-PyFBJaLq93FlyYdsndE5VaueA9K5cNB7CGzeCj191YYLhkQM0gdZR2SKihM70oF0wdqKSKClv/tEBOpoRmdOVQ==

custom-event-polyfill@^1.0.7:
  version "1.0.7"
  resolved "https://registry.yarnpkg.com/custom-event-polyfill/-/custom-event-polyfill-1.0.7.tgz#9bc993ddda937c1a30ccd335614c6c58c4f87aee"
  integrity sha512-TDDkd5DkaZxZFM8p+1I3yAlvM3rSr1wbrOliG4yJiwinMZN8z/iGL7BTlDkrJcYTmgUSb4ywVCc3ZaUtOtC76w==

loadjs@^4.2.0:
  version "4.2.0"
  resolved "https://registry.yarnpkg.com/loadjs/-/loadjs-4.2.0.tgz#2a0336376397a6a43edf98c9ec3229ddd5abb6f6"
  integrity sha512-AgQGZisAlTPbTEzrHPb6q+NYBMD+DP9uvGSIjSUM5uG+0jG15cb8axWpxuOIqrmQjn6scaaH8JwloiP27b2KXA==

plyr-react@^3.0.7:
  version "3.0.7"
  resolved "https://registry.yarnpkg.com/plyr-react/-/plyr-react-3.0.7.tgz#37debcce288b99066ac52d221a9b720d52f47832"
  integrity sha512-s9TKwekb8EBMYTuL1igTRk9X8hMtg7h4cNnQ9RWQ8xjqY+5VY3dEsP5czy9QiFOg86JaA15+zjUO0XHWfUJT9Q==
  dependencies:
    plyr "^3.6.2"

plyr@^3.6.2:
  version "3.6.4"
  resolved "https://registry.yarnpkg.com/plyr/-/plyr-3.6.4.tgz#cc77d49d831b4b0130be075872290cd5e3be5366"
  integrity sha512-l0EKsRxhwGtzpPJhs+okusogXRiJaagNaGYlj+iiyqyNzjh0ef5bhxNLsKhpsGvvZMnfV/KbOvIva+qeNCA9ng==
  dependencies:
    core-js "^3.8.1"
    custom-event-polyfill "^1.0.7"
    loadjs "^4.2.0"
    rangetouch "^2.0.1"
    url-polyfill "^1.1.12"

rangetouch@^2.0.1:
  version "2.0.1"
  resolved "https://registry.yarnpkg.com/rangetouch/-/rangetouch-2.0.1.tgz#c01105110fd3afca2adcb1a580692837d883cb70"
  integrity sha512-sln+pNSc8NGaHoLzwNBssFSf/rSYkqeBXzX1AtJlkJiUaVSJSbRAWJk+4omsXkN+EJalzkZhWQ3th1m0FpR5xA==

url-polyfill@^1.1.12:
  version "1.1.12"
  resolved "https://registry.yarnpkg.com/url-polyfill/-/url-polyfill-1.1.12.tgz#6cdaa17f6b022841b3aec0bf8dbd87ac0cd33331"
  integrity sha512-mYFmBHCapZjtcNHW0MDq9967t+z4Dmg5CJ0KqysK3+ZbyoNOWQHksGCTWwDhxGXllkWlOc10Xfko6v4a3ucM6A==
